# THIS IS AN AUTOGENERATED FILE. DO NOT EDIT THIS FILE DIRECTLY.
# yarn lockfile v1


"@types/node@^13.5.0":
  version "13.5.0"
  resolved "https://registry.yarnpkg.com/@types/node/-/node-13.5.0.tgz#4e498dbf355795a611a87ae5ef811a8660d42662"

"@types/treeify@^1.0.0":
  version "1.0.0"
  resolved "https://registry.yarnpkg.com/@types/treeify/-/treeify-1.0.0.tgz#f04743cb91fc38254e8585d692bd92503782011c"

treeify@^1.1.0:
  version "1.1.0"
  resolved "https://registry.yarnpkg.com/treeify/-/treeify-1.1.0.tgz#4e31c6a463accd0943879f30667c4fdaff411bb8"
